
Microsoft Visual Studio Solution File, Format Version 12.00
# Blend for Visual Studio Version 16
VisualStudioVersion = 16.0.28803.452
MinimumVisualStudioVersion = 10.0.40219.1
Project("{FAE04EC0-301F-11D3-BF4B-00C04F79EFBC}") = "ShapesDemo", "ShapesDemo\ShapesDemo.csproj", "{69F18AF1-124F-4DD1-8458-4912CF90FA80}"
EndProject
Global
	GlobalSection(SolutionConfigurationPlatforms) = preSolution
		Debug|Any CPU = Debug|Any CPU
		Release|Any CPU = Release|Any CPU
	EndGlobalSection
	GlobalSection(ProjectConfigurationPlatforms) = postSolution
		{69F18AF1-124F-4DD1-8458-4912CF90FA80}.Debug|Any CPU.ActiveCfg = Debug|Any CPU
		{69F18AF1-124F-4DD1-8458-4912CF90FA80}.Debug|Any CPU.Build.0 = Debug|Any CPU
		{69F18AF1-124F-4DD1-8458-4912CF90FA80}.Release|Any CPU.ActiveCfg = Release|Any CPU
		{69F18AF1-124F-4DD1-8458-4912CF90FA80}.Release|Any CPU.Build.0 = Release|Any CPU
	EndGlobalSection
	GlobalSection(SolutionProperties) = preSolution
		HideSolutionNode = FALSE
	EndGlobalSection
	GlobalSection(ExtensibilityGlobals) = postSolution
		SolutionGuid = {5EC67D4C-24C1-4D10-84FF-94B09B2DD757}
	EndGlobalSection
EndGlobal
